// !$*UTF8*$!
{
	archiveVersion = 1;
	classes = {
	};
	objectVersion = 46;
	objects = {

/* Begin PBXBuildFile section */
		9505040718C8B2E80072583A /* FirstViewController.m in Sources */ = {isa = PBXBuildFile; fileRef = 950503FE18C8B2E80072583A /* FirstViewController.m */; };
		9505040818C8B2E80072583A /* InputViewController.m in Sources */ = {isa = PBXBuildFile; fileRef = 9505040018C8B2E80072583A /* InputViewController.m */; };
		9505040918C8B2E80072583A /* SecondViewController.m in Sources */ = {isa = PBXBuildFile; fileRef = 9505040218C8B2E80072583A /* SecondViewController.m */; };
		9505040A18C8B2E80072583A /* StartViewController.m in Sources */ = {isa = PBXBuildFile; fileRef = 9505040418C8B2E80072583A /* StartViewController.m */; };
		9505040B18C8B2E80072583A /* ThirdViewController.m in Sources */ = {isa = PBXBuildFile; fileRef = 9505040618C8B2E80072583A /* ThirdViewController.m */; };
		950DA7C418A62BB6003DE03D /* Foundation.framework in Frameworks */ = {isa = PBXBuildFile; fileRef = 950DA7C318A62BB6003DE03D /* Foundation.framework */; };
		950DA7C618A62BB6003DE03D /* CoreGraphics.framework in Frameworks */ = {isa = PBXBuildFile; fileRef = 950DA7C518A62BB6003DE03D /* CoreGraphics.framework */; };
		950DA7C818A62BB6003DE03D /* UIKit.framework in Frameworks */ = {isa = PBXBuildFile; fileRef = 950DA7C718A62BB6003DE03D /* UIKit.framework */; };
		950DA7CE18A62BB6003DE03D /* InfoPlist.strings in Resources */ = {isa = PBXBuildFile; fileRef = 950DA7CC18A62BB6003DE03D /* InfoPlist.strings */; };
		950DA7D018A62BB6003DE03D /* main.m in Sources */ = {isa = PBXBuildFile; fileRef = 950DA7CF18A62BB6003DE03D /* main.m */; };
		950DA7D418A62BB6003DE03D /* WBGAppDelegate.m in Sources */ = {isa = PBXBuildFile; fileRef = 950DA7D318A62BB6003DE03D /* WBGAppDelegate.m */; };
		950DA7D718A62BB6003DE03D /* Main_iPhone.storyboard in Resources */ = {isa = PBXBuildFile; fileRef = 950DA7D518A62BB6003DE03D /* Main_iPhone.storyboard */; };
		950DA7DA18A62BB6003DE03D /* Main_iPad.storyboard in Resources */ = {isa = PBXBuildFile; fileRef = 950DA7D818A62BB6003DE03D /* Main_iPad.storyboard */; };
		950DA7E218A62BB6003DE03D /* Images.xcassets in Resources */ = {isa = PBXBuildFile; fileRef = 950DA7E118A62BB6003DE03D /* Images.xcassets */; };
		950DA7E918A62BB6003DE03D /* XCTest.framework in Frameworks */ = {isa = PBXBuildFile; fileRef = 950DA7E818A62BB6003DE03D /* XCTest.framework */; };
		950DA7EA18A62BB6003DE03D /* Foundation.framework in Frameworks */ = {isa = PBXBuildFile; fileRef = 950DA7C318A62BB6003DE03D /* Foundation.framework */; };
		950DA7EB18A62BB6003DE03D /* UIKit.framework in Frameworks */ = {isa = PBXBuildFile; fileRef = 950DA7C718A62BB6003DE03D /* UIKit.framework */; };
		950DA7F318A62BB6003DE03D /* InfoPlist.strings in Resources */ = {isa = PBXBuildFile; fileRef = 950DA7F118A62BB6003DE03D /* InfoPlist.strings */; };
		950DA7F518A62BB6003DE03D /* WoodBeaconGuestTests.m in Sources */ = {isa = PBXBuildFile; fileRef = 950DA7F418A62BB6003DE03D /* WoodBeaconGuestTests.m */; };
		95BFC54A18B6DF440071959A /* SystemConfiguration.framework in Frameworks */ = {isa = PBXBuildFile; fileRef = 95BFC54918B6DF440071959A /* SystemConfiguration.framework */; };
		95BFC54C18B6DF5C0071959A /* StoreKit.framework in Frameworks */ = {isa = PBXBuildFile; fileRef = 95BFC54B18B6DF5C0071959A /* StoreKit.framework */; };
		95BFC54E18B6DF6D0071959A /* Security.framework in Frameworks */ = {isa = PBXBuildFile; fileRef = 95BFC54D18B6DF6D0071959A /* Security.framework */; };
		95BFC55018B6DF7F0071959A /* QuartzCore.framework in Frameworks */ = {isa = PBXBuildFile; fileRef = 95BFC54F18B6DF7F0071959A /* QuartzCore.framework */; };
		95BFC55218B6DF8E0071959A /* MobileCoreServices.framework in Frameworks */ = {isa = PBXBuildFile; fileRef = 95BFC55118B6DF8E0071959A /* MobileCoreServices.framework */; };
		95BFC55418B6DF9D0071959A /* libz.dylib in Frameworks */ = {isa = PBXBuildFile; fileRef = 95BFC55318B6DF9D0071959A /* libz.dylib */; };
		95BFC55618B6DFAA0071959A /* CFNetwork.framework in Frameworks */ = {isa = PBXBuildFile; fileRef = 95BFC55518B6DFAA0071959A /* CFNetwork.framework */; };
		95BFC55818B6DFB10071959A /* CoreLocation.framework in Frameworks */ = {isa = PBXBuildFile; fileRef = 95BFC55718B6DFB10071959A /* CoreLocation.framework */; };
		95BFC55A18B6DFC70071959A /* AudioToolbox.framework in Frameworks */ = {isa = PBXBuildFile; fileRef = 95BFC55918B6DFC70071959A /* AudioToolbox.framework */; };
		95BFC55C18B6DFE90071959A /* Parse.framework in Frameworks */ = {isa = PBXBuildFile; fileRef = 95BFC55B18B6DFE90071959A /* Parse.framework */; };
/* End PBXBuildFile section */

/* Begin PBXContainerItemProxy section */
		950DA7EC18A62BB6003DE03D /* PBXContainerItemProxy */ = {
			isa = PBXContainerItemProxy;
			containerPortal = 950DA7B818A62BB6003DE03D /* Project object */;
			proxyType = 1;
			remoteGlobalIDString = 950DA7BF18A62BB6003DE03D;
			remoteInfo = WoodBeaconGuest;
		};
/* End PBXContainerItemProxy section */

/* Begin PBXFileReference section */
		950503FD18C8B2E80072583A /* FirstViewController.h */ = {isa = PBXFileReference; fileEncoding = 4; lastKnownFileType = sourcecode.c.h; path = FirstViewController.h; sourceTree = "<group>"; };
		950503FE18C8B2E80072583A /* FirstViewController.m */ = {isa = PBXFileReference; fileEncoding = 4; lastKnownFileType = sourcecode.c.objc; path = FirstViewController.m; sourceTree = "<group>"; };
		950503FF18C8B2E80072583A /* InputViewController.h */ = {isa = PBXFileReference; fileEncoding = 4; lastKnownFileType = sourcecode.c.h; path = InputViewController.h; sourceTree = "<group>"; };
		9505040018C8B2E80072583A /* InputViewController.m */ = {isa = PBXFileReference; fileEncoding = 4; lastKnownFileType = sourcecode.c.objc; path = InputViewController.m; sourceTree = "<group>"; };
		9505040118C8B2E80072583A /* SecondViewController.h */ = {isa = PBXFileReference; fileEncoding = 4; lastKnownFileType = sourcecode.c.h; path = SecondViewController.h; sourceTree = "<group>"; };
		9505040218C8B2E80072583A /* SecondViewController.m */ = {isa = PBXFileReference; fileEncoding = 4; lastKnownFileType = sourcecode.c.objc; path = SecondViewController.m; sourceTree = "<group>"; };
		9505040318C8B2E80072583A /* StartViewController.h */ = {isa = PBXFileReference; fileEncoding = 4; lastKnownFileType = sourcecode.c.h; path = StartViewController.h; sourceTree = "<group>"; };
		9505040418C8B2E80072583A /* StartViewController.m */ = {isa = PBXFileReference; fileEncoding = 4; lastKnownFileType = sourcecode.c.objc; path = StartViewController.m; sourceTree = "<group>"; };
		9505040518C8B2E80072583A /* ThirdViewController.h */ = {isa = PBXFileReference; fileEncoding = 4; lastKnownFileType = sourcecode.c.h; path = ThirdViewController.h; sourceTree = "<group>"; };
		9505040618C8B2E80072583A /* ThirdViewController.m */ = {isa = PBXFileReference; fileEncoding = 4; lastKnownFileType = sourcecode.c.objc; path = ThirdViewController.m; sourceTree = "<group>"; };
		950DA7C018A62BB6003DE03D /* WoodBeaconGuest.app */ = {isa = PBXFileReference; explicitFileType = wrapper.application; includeInIndex = 0; path = WoodBeaconGuest.app; sourceTree = BUILT_PRODUCTS_DIR; };
		950DA7C318A62BB6003DE03D /* Foundation.framework */ = {isa = PBXFileReference; lastKnownFileType = wrapper.framework; name = Foundation.framework; path = System/Library/Frameworks/Foundation.framework; sourceTree = SDKROOT; };
		950DA7C518A62BB6003DE03D /* CoreGraphics.framework */ = {isa = PBXFileReference; lastKnownFileType = wrapper.framework; name = CoreGraphics.framework; path = System/Library/Frameworks/CoreGraphics.framework; sourceTree = SDKROOT; };
		950DA7C718A62BB6003DE03D /* UIKit.framework */ = {isa = PBXFileReference; lastKnownFileType = wrapper.framework; name = UIKit.framework; path = System/Library/Frameworks/UIKit.framework; sourceTree = SDKROOT; };
		950DA7CB18A62BB6003DE03D /* WoodBeaconGuest-Info.plist */ = {isa = PBXFileReference; lastKnownFileType = text.plist.xml; path = "WoodBeaconGuest-Info.plist"; sourceTree = "<group>"; };
		950DA7CD18A62BB6003DE03D /* en */ = {isa = PBXFileReference; lastKnownFileType = text.plist.strings; name = en; path = en.lproj/InfoPlist.strings; sourceTree = "<group>"; };
		950DA7CF18A62BB6003DE03D /* main.m */ = {isa = PBXFileReference; lastKnownFileType = sourcecode.c.objc; path = main.m; sourceTree = "<group>"; };
		950DA7D118A62BB6003DE03D /* WoodBeaconGuest-Prefix.pch */ = {isa = PBXFileReference; lastKnownFileType = sourcecode.c.h; path = "WoodBeaconGuest-Prefix.pch"; sourceTree = "<group>"; };
		950DA7D218A62BB6003DE03D /* WBGAppDelegate.h */ = {isa = PBXFileReference; lastKnownFileType = sourcecode.c.h; path = WBGAppDelegate.h; sourceTree = "<group>"; };
		950DA7D318A62BB6003DE03D /* WBGAppDelegate.m */ = {isa = PBXFileReference; lastKnownFileType = sourcecode.c.objc; path = WBGAppDelegate.m; sourceTree = "<group>"; };
		950DA7D618A62BB6003DE03D /* Base */ = {isa = PBXFileReference; lastKnownFileType = file.storyboard; name = Base; path = Base.lproj/Main_iPhone.storyboard; sourceTree = "<group>"; };
		950DA7D918A62BB6003DE03D /* Base */ = {isa = PBXFileReference; lastKnownFileType = file.storyboard; name = Base; path = Base.lproj/Main_iPad.storyboard; sourceTree = "<group>"; };
		950DA7E118A62BB6003DE03D /* Images.xcassets */ = {isa = PBXFileReference; lastKnownFileType = folder.assetcatalog; path = Images.xcassets; sourceTree = "<group>"; };
		950DA7E718A62BB6003DE03D /* WoodBeaconGuestTests.xctest */ = {isa = PBXFileReference; explicitFileType = wrapper.cfbundle; includeInIndex = 0; path = WoodBeaconGuestTests.xctest; sourceTree = BUILT_PRODUCTS_DIR; };
		950DA7E818A62BB6003DE03D /* XCTest.framework */ = {isa = PBXFileReference; lastKnownFileType = wrapper.framework; name = XCTest.framework; path = Library/Frameworks/XCTest.framework; sourceTree = DEVELOPER_DIR; };
		950DA7F018A62BB6003DE03D /* WoodBeaconGuestTests-Info.plist */ = {isa = PBXFileReference; lastKnownFileType = text.plist.xml; path = "WoodBeaconGuestTests-Info.plist"; sourceTree = "<group>"; };
		950DA7F218A62BB6003DE03D /* en */ = {isa = PBXFileReference; lastKnownFileType = text.plist.strings; name = en; path = en.lproj/InfoPlist.strings; sourceTree = "<group>"; };
		950DA7F418A62BB6003DE03D /* WoodBeaconGuestTests.m */ = {isa = PBXFileReference; lastKnownFileType = sourcecode.c.objc; path = WoodBeaconGuestTests.m; sourceTree = "<group>"; };
		957A637D18C96B1F006376C8 /* WoodBeaconGuest.entitlements */ = {isa = PBXFileReference; lastKnownFileType = text.xml; path = WoodBeaconGuest.entitlements; sourceTree = "<group>"; };
		95BFC54918B6DF440071959A /* SystemConfiguration.framework */ = {isa = PBXFileReference; lastKnownFileType = wrapper.framework; name = SystemConfiguration.framework; path = System/Library/Frameworks/SystemConfiguration.framework; sourceTree = SDKROOT; };
		95BFC54B18B6DF5C0071959A /* StoreKit.framework */ = {isa = PBXFileReference; lastKnownFileType = wrapper.framework; name = StoreKit.framework; path = System/Library/Frameworks/StoreKit.framework; sourceTree = SDKROOT; };
		95BFC54D18B6DF6D0071959A /* Security.framework */ = {isa = PBXFileReference; lastKnownFileType = wrapper.framework; name = Security.framework; path = System/Library/Frameworks/Security.framework; sourceTree = SDKROOT; };
		95BFC54F18B6DF7F0071959A /* QuartzCore.framework */ = {isa = PBXFileReference; lastKnownFileType = wrapper.framework; name = QuartzCore.framework; path = System/Library/Frameworks/QuartzCore.framework; sourceTree = SDKROOT; };
		95BFC55118B6DF8E0071959A /* MobileCoreServices.framework */ = {isa = PBXFileReference; lastKnownFileType = wrapper.framework; name = MobileCoreServices.framework; path = System/Library/Frameworks/MobileCoreServices.framework; sourceTree = SDKROOT; };
		95BFC55318B6DF9D0071959A /* libz.dylib */ = {isa = PBXFileReference; lastKnownFileType = "compiled.mach-o.dylib"; name = libz.dylib; path = usr/lib/libz.dylib; sourceTree = SDKROOT; };
		95BFC55518B6DFAA0071959A /* CFNetwork.framework */ = {isa = PBXFileReference; lastKnownFileType = wrapper.framework; name = CFNetwork.framework; path = System/Library/Frameworks/CFNetwork.framework; sourceTree = SDKROOT; };
		95BFC55718B6DFB10071959A /* CoreLocation.framework */ = {isa = PBXFileReference; lastKnownFileType = wrapper.framework; name = CoreLocation.framework; path = System/Library/Frameworks/CoreLocation.framework; sourceTree = SDKROOT; };
		95BFC55918B6DFC70071959A /* AudioToolbox.framework */ = {isa = PBXFileReference; lastKnownFileType = wrapper.framework; name = AudioToolbox.framework; path = System/Library/Frameworks/AudioToolbox.framework; sourceTree = SDKROOT; };
		95BFC55B18B6DFE90071959A /* Parse.framework */ = {isa = PBXFileReference; lastKnownFileType = wrapper.framework; path = Parse.framework; sourceTree = "<group>"; };
/* End PBXFileReference section */

/* Begin PBXFrameworksBuildPhase section */
		950DA7BD18A62BB6003DE03D /* Frameworks */ = {
			isa = PBXFrameworksBuildPhase;
			buildActionMask = 2147483647;
			files = (
				95BFC55A18B6DFC70071959A /* AudioToolbox.framework in Frameworks */,
				95BFC55818B6DFB10071959A /* CoreLocation.framework in Frameworks */,
				95BFC55618B6DFAA0071959A /* CFNetwork.framework in Frameworks */,
				95BFC55418B6DF9D0071959A /* libz.dylib in Frameworks */,
				95BFC55218B6DF8E0071959A /* MobileCoreServices.framework in Frameworks */,
				95BFC55018B6DF7F0071959A /* QuartzCore.framework in Frameworks */,
				95BFC55C18B6DFE90071959A /* Parse.framework in Frameworks */,
				95BFC54E18B6DF6D0071959A /* Security.framework in Frameworks */,
				95BFC54C18B6DF5C0071959A /* StoreKit.framework in Frameworks */,
				95BFC54A18B6DF440071959A /* SystemConfiguration.framework in Frameworks */,
				950DA7C618A62BB6003DE03D /* CoreGraphics.framework in Frameworks */,
				950DA7C818A62BB6003DE03D /* UIKit.framework in Frameworks */,
				950DA7C418A62BB6003DE03D /* Foundation.framework in Frameworks */,
			);
			runOnlyForDeploymentPostprocessing = 0;
		};
		950DA7E418A62BB6003DE03D /* Frameworks */ = {
			isa = PBXFrameworksBuildPhase;
			buildActionMask = 2147483647;
			files = (
				950DA7E918A62BB6003DE03D /* XCTest.framework in Frameworks */,
				950DA7EB18A62BB6003DE03D /* UIKit.framework in Frameworks */,
				950DA7EA18A62BB6003DE03D /* Foundation.framework in Frameworks */,
			);
			runOnlyForDeploymentPostprocessing = 0;
		};
/* End PBXFrameworksBuildPhase section */

/* Begin PBXGroup section */
		950503FC18C8B2E80072583A /* ViewControllers */ = {
			isa = PBXGroup;
			children = (
				950503FD18C8B2E80072583A /* FirstViewController.h */,
				950503FE18C8B2E80072583A /* FirstViewController.m */,
				950503FF18C8B2E80072583A /* InputViewController.h */,
				9505040018C8B2E80072583A /* InputViewController.m */,
				9505040118C8B2E80072583A /* SecondViewController.h */,
				9505040218C8B2E80072583A /* SecondViewController.m */,
				9505040318C8B2E80072583A /* StartViewController.h */,
				9505040418C8B2E80072583A /* StartViewController.m */,
				9505040518C8B2E80072583A /* ThirdViewController.h */,
				9505040618C8B2E80072583A /* ThirdViewController.m */,
			);
			path = ViewControllers;
			sourceTree = "<group>";
		};
		950DA7B718A62BB6003DE03D = {
			isa = PBXGroup;
			children = (
				950DA7C918A62BB6003DE03D /* WoodBeaconGuest */,
				950DA7EE18A62BB6003DE03D /* WoodBeaconGuestTests */,
				950DA7C218A62BB6003DE03D /* Frameworks */,
				950DA7C118A62BB6003DE03D /* Products */,
			);
			sourceTree = "<group>";
		};
		950DA7C118A62BB6003DE03D /* Products */ = {
			isa = PBXGroup;
			children = (
				950DA7C018A62BB6003DE03D /* WoodBeaconGuest.app */,
				950DA7E718A62BB6003DE03D /* WoodBeaconGuestTests.xctest */,
			);
			name = Products;
			sourceTree = "<group>";
		};
		950DA7C218A62BB6003DE03D /* Frameworks */ = {
			isa = PBXGroup;
			children = (
				95BFC55B18B6DFE90071959A /* Parse.framework */,
				95BFC55918B6DFC70071959A /* AudioToolbox.framework */,
				95BFC55718B6DFB10071959A /* CoreLocation.framework */,
				95BFC55518B6DFAA0071959A /* CFNetwork.framework */,
				95BFC55318B6DF9D0071959A /* libz.dylib */,
				95BFC55118B6DF8E0071959A /* MobileCoreServices.framework */,
				95BFC54F18B6DF7F0071959A /* QuartzCore.framework */,
				95BFC54D18B6DF6D0071959A /* Security.framework */,
				95BFC54B18B6DF5C0071959A /* StoreKit.framework */,
				95BFC54918B6DF440071959A /* SystemConfiguration.framework */,
				950DA7C318A62BB6003DE03D /* Foundation.framework */,
				950DA7C518A62BB6003DE03D /* CoreGraphics.framework */,
				950DA7C718A62BB6003DE03D /* UIKit.framework */,
				950DA7E818A62BB6003DE03D /* XCTest.framework */,
			);
			name = Frameworks;
			sourceTree = "<group>";
		};
		950DA7C918A62BB6003DE03D /* WoodBeaconGuest */ = {
			isa = PBXGroup;
			children = (
				957A637D18C96B1F006376C8 /* WoodBeaconGuest.entitlements */,
				950503FC18C8B2E80072583A /* ViewControllers */,
				950DA7D518A62BB6003DE03D /* Main_iPhone.storyboard */,
				950DA7D818A62BB6003DE03D /* Main_iPad.storyboard */,
				950DA7D218A62BB6003DE03D /* WBGAppDelegate.h */,
				950DA7D318A62BB6003DE03D /* WBGAppDelegate.m */,
				950DA7E118A62BB6003DE03D /* Images.xcassets */,
				950DA7CA18A62BB6003DE03D /* Supporting Files */,
			);
			path = WoodBeaconGuest;
			sourceTree = "<group>";
		};
		950DA7CA18A62BB6003DE03D /* Supporting Files */ = {
			isa = PBXGroup;
			children = (
				950DA7CB18A62BB6003DE03D /* WoodBeaconGuest-Info.plist */,
				950DA7CC18A62BB6003DE03D /* InfoPlist.strings */,
				950DA7CF18A62BB6003DE03D /* main.m */,
				950DA7D118A62BB6003DE03D /* WoodBeaconGuest-Prefix.pch */,
			);
			name = "Supporting Files";
			sourceTree = "<group>";
		};
		950DA7EE18A62BB6003DE03D /* WoodBeaconGuestTests */ = {
			isa = PBXGroup;
			children = (
				950DA7F418A62BB6003DE03D /* WoodBeaconGuestTests.m */,
				950DA7EF18A62BB6003DE03D /* Supporting Files */,
			);
			path = WoodBeaconGuestTests;
			sourceTree = "<group>";
		};
		950DA7EF18A62BB6003DE03D /* Supporting Files */ = {
			isa = PBXGroup;
			children = (
				950DA7F018A62BB6003DE03D /* WoodBeaconGuestTests-Info.plist */,
				950DA7F118A62BB6003DE03D /* InfoPlist.strings */,
			);
			name = "Supporting Files";
			sourceTree = "<group>";
		};
/* End PBXGroup section */

/* Begin PBXNativeTarget section */
		950DA7BF18A62BB6003DE03D /* WoodBeaconGuest */ = {
			isa = PBXNativeTarget;
			buildConfigurationList = 950DA7F818A62BB6003DE03D /* Build configuration list for PBXNativeTarget "WoodBeaconGuest" */;
			buildPhases = (
				950DA7BC18A62BB6003DE03D /* Sources */,
				950DA7BD18A62BB6003DE03D /* Frameworks */,
				950DA7BE18A62BB6003DE03D /* Resources */,
			);
			buildRules = (
			);
			dependencies = (
			);
			name = WoodBeaconGuest;
			productName = WoodBeaconGuest;
			productReference = 950DA7C018A62BB6003DE03D /* WoodBeaconGuest.app */;
			productType = "com.apple.product-type.application";
		};
		950DA7E618A62BB6003DE03D /* WoodBeaconGuestTests */ = {
			isa = PBXNativeTarget;
			buildConfigurationList = 950DA7FB18A62BB6003DE03D /* Build configuration list for PBXNativeTarget "WoodBeaconGuestTests" */;
			buildPhases = (
				950DA7E318A62BB6003DE03D /* Sources */,
				950DA7E418A62BB6003DE03D /* Frameworks */,
				950DA7E518A62BB6003DE03D /* Resources */,
			);
			buildRules = (
			);
			dependencies = (
				950DA7ED18A62BB6003DE03D /* PBXTargetDependency */,
			);
			name = WoodBeaconGuestTests;
			productName = WoodBeaconGuestTests;
			productReference = 950DA7E718A62BB6003DE03D /* WoodBeaconGuestTests.xctest */;
			productType = "com.apple.product-type.bundle.unit-test";
		};
/* End PBXNativeTarget section */

/* Begin PBXProject section */
		950DA7B818A62BB6003DE03D /* Project object */ = {
			isa = PBXProject;
			attributes = {
				CLASSPREFIX = WBG;
				LastUpgradeCheck = 0500;
				ORGANIZATIONNAME = "加藤 未央";
				TargetAttributes = {
					950DA7BF18A62BB6003DE03D = {
						DevelopmentTeam = 6G9A5395V2;
						SystemCapabilities = {
							com.apple.Keychain = {
								enabled = 0;
							};
						};
					};
					950DA7E618A62BB6003DE03D = {
						TestTargetID = 950DA7BF18A62BB6003DE03D;
					};
				};
			};
			buildConfigurationList = 950DA7BB18A62BB6003DE03D /* Build configuration list for PBXProject "WoodBeaconGuest" */;
			compatibilityVersion = "Xcode 3.2";
			developmentRegion = English;
			hasScannedForEncodings = 0;
			knownRegions = (
				en,
				Base,
			);
			mainGroup = 950DA7B718A62BB6003DE03D;
			productRefGroup = 950DA7C118A62BB6003DE03D /* Products */;
			projectDirPath = "";
			projectRoot = "";
			targets = (
				950DA7BF18A62BB6003DE03D /* WoodBeaconGuest */,
				950DA7E618A62BB6003DE03D /* WoodBeaconGuestTests */,
			);
		};
/* End PBXProject section */

/* Begin PBXResourcesBuildPhase section */
		950DA7BE18A62BB6003DE03D /* Resources */ = {
			isa = PBXResourcesBuildPhase;
			buildActionMask = 2147483647;
			files = (
				950DA7DA18A62BB6003DE03D /* Main_iPad.storyboard in Resources */,
				950DA7E218A62BB6003DE03D /* Images.xcassets in Resources */,
				950DA7D718A62BB6003DE03D /* Main_iPhone.storyboard in Resources */,
				950DA7CE18A62BB6003DE03D /* InfoPlist.strings in Resources */,
			);
			runOnlyForDeploymentPostprocessing = 0;
		};
		950DA7E518A62BB6003DE03D /* Resources */ = {
			isa = PBXResourcesBuildPhase;
			buildActionMask = 2147483647;
			files = (
				950DA7F318A62BB6003DE03D /* InfoPlist.strings in Resources */,
			);
			runOnlyForDeploymentPostprocessing = 0;
		};
/* End PBXResourcesBuildPhase section */

/* Begin PBXSourcesBuildPhase section */
		950DA7BC18A62BB6003DE03D /* Sources */ = {
			isa = PBXSourcesBuildPhase;
			buildActionMask = 2147483647;
			files = (
				9505040918C8B2E80072583A /* SecondViewController.m in Sources */,
				9505040B18C8B2E80072583A /* ThirdViewController.m in Sources */,
				950DA7D018A62BB6003DE03D /* main.m in Sources */,
				9505040A18C8B2E80072583A /* StartViewController.m in Sources */,
				950DA7D418A62BB6003DE03D /* WBGAppDelegate.m in Sources */,
				9505040818C8B2E80072583A /* InputViewController.m in Sources */,
				9505040718C8B2E80072583A /* FirstViewController.m in Sources */,
			);
			runOnlyForDeploymentPostprocessing = 0;
		};
		950DA7E318A62BB6003DE03D /* Sources */ = {
			isa = PBXSourcesBuildPhase;
			buildActionMask = 2147483647;
			files = (
				950DA7F518A62BB6003DE03D /* WoodBeaconGuestTests.m in Sources */,
			);
			runOnlyForDeploymentPostprocessing = 0;
		};
/* End PBXSourcesBuildPhase section */

/* Begin PBXTargetDependency section */
		950DA7ED18A62BB6003DE03D /* PBXTargetDependency */ = {
			isa = PBXTargetDependency;
			target = 950DA7BF18A62BB6003DE03D /* WoodBeaconGuest */;
			targetProxy = 950DA7EC18A62BB6003DE03D /* PBXContainerItemProxy */;
		};
/* End PBXTargetDependency section */

/* Begin PBXVariantGroup section */
		950DA7CC18A62BB6003DE03D /* InfoPlist.strings */ = {
			isa = PBXVariantGroup;
			children = (
				950DA7CD18A62BB6003DE03D /* en */,
			);
			name = InfoPlist.strings;
			sourceTree = "<group>";
		};
		950DA7D518A62BB6003DE03D /* Main_iPhone.storyboard */ = {
			isa = PBXVariantGroup;
			children = (
				950DA7D618A62BB6003DE03D /* Base */,
			);
			name = Main_iPhone.storyboard;
			sourceTree = "<group>";
		};
		950DA7D818A62BB6003DE03D /* Main_iPad.storyboard */ = {
			isa = PBXVariantGroup;
			children = (
				950DA7D918A62BB6003DE03D /* Base */,
			);
			name = Main_iPad.storyboard;
			sourceTree = "<group>";
		};
		950DA7F118A62BB6003DE03D /* InfoPlist.strings */ = {
			isa = PBXVariantGroup;
			children = (
				950DA7F218A62BB6003DE03D /* en */,
			);
			name = InfoPlist.strings;
			sourceTree = "<group>";
		};
/* End PBXVariantGroup section */

/* Begin XCBuildConfiguration section */
		950DA7F618A62BB6003DE03D /* Debug */ = {
			isa = XCBuildConfiguration;
			buildSettings = {
				ALWAYS_SEARCH_USER_PATHS = NO;
				ARCHS = "$(ARCHS_STANDARD_INCLUDING_64_BIT)";
				CLANG_CXX_LANGUAGE_STANDARD = "gnu++0x";
				CLANG_CXX_LIBRARY = "libc++";
				CLANG_ENABLE_MODULES = YES;
				CLANG_ENABLE_OBJC_ARC = YES;
				CLANG_WARN_BOOL_CONVERSION = YES;
				CLANG_WARN_CONSTANT_CONVERSION = YES;
				CLANG_WARN_DIRECT_OBJC_ISA_USAGE = YES_ERROR;
				CLANG_WARN_EMPTY_BODY = YES;
				CLANG_WARN_ENUM_CONVERSION = YES;
				CLANG_WARN_INT_CONVERSION = YES;
				CLANG_WARN_OBJC_ROOT_CLASS = YES_ERROR;
				CLANG_WARN__DUPLICATE_METHOD_MATCH = YES;
				"CODE_SIGN_IDENTITY[sdk=iphoneos*]" = "iPhone Developer";
				COPY_PHASE_STRIP = NO;
				GCC_C_LANGUAGE_STANDARD = gnu99;
				GCC_DYNAMIC_NO_PIC = NO;
				GCC_OPTIMIZATION_LEVEL = 0;
				GCC_PREPROCESSOR_DEFINITIONS = (
					"DEBUG=1",
					"$(inherited)",
				);
				GCC_SYMBOLS_PRIVATE_EXTERN = NO;
				GCC_WARN_64_TO_32_BIT_CONVERSION = YES;
				GCC_WARN_ABOUT_RETURN_TYPE = YES_ERROR;
				GCC_WARN_UNDECLARED_SELECTOR = YES;
				GCC_WARN_UNINITIALIZED_AUTOS = YES;
				GCC_WARN_UNUSED_FUNCTION = YES;
				GCC_WARN_UNUSED_VARIABLE = YES;
				IPHONEOS_DEPLOYMENT_TARGET = 7.0;
				ONLY_ACTIVE_ARCH = YES;
				SDKROOT = iphoneos;
				TARGETED_DEVICE_FAMILY = "1,2";
			};
			name = Debug;
		};
		950DA7F718A62BB6003DE03D /* Release */ = {
			isa = XCBuildConfiguration;
			buildSettings = {
				ALWAYS_SEARCH_USER_PATHS = NO;
				ARCHS = "$(ARCHS_STANDARD_INCLUDING_64_BIT)";
				CLANG_CXX_LANGUAGE_STANDARD = "gnu++0x";
				CLANG_CXX_LIBRARY = "libc++";
				CLANG_ENABLE_MODULES = YES;
				CLANG_ENABLE_OBJC_ARC = YES;
				CLANG_WARN_BOOL_CONVERSION = YES;
				CLANG_WARN_CONSTANT_CONVERSION = YES;
				CLANG_WARN_DIRECT_OBJC_ISA_USAGE = YES_ERROR;
				CLANG_WARN_EMPTY_BODY = YES;
				CLANG_WARN_ENUM_CONVERSION = YES;
				CLANG_WARN_INT_CONVERSION = YES;
				CLANG_WARN_OBJC_ROOT_CLASS = YES_ERROR;
				CLANG_WARN__DUPLICATE_METHOD_MATCH = YES;
				"CODE_SIGN_IDENTITY[sdk=iphoneos*]" = "iPhone Developer";
				COPY_PHASE_STRIP = YES;
				ENABLE_NS_ASSERTIONS = NO;
				GCC_C_LANGUAGE_STANDARD = gnu99;
				GCC_WARN_64_TO_32_BIT_CONVERSION = YES;
				GCC_WARN_ABOUT_RETURN_TYPE = YES_ERROR;
				GCC_WARN_UNDECLARED_SELECTOR = YES;
				GCC_WARN_UNINITIALIZED_AUTOS = YES;
				GCC_WARN_UNUSED_FUNCTION = YES;
				GCC_WARN_UNUSED_VARIABLE = YES;
				IPHONEOS_DEPLOYMENT_TARGET = 7.0;
				SDKROOT = iphoneos;
				TARGETED_DEVICE_FAMILY = "1,2";
				VALIDATE_PRODUCT = YES;
			};
			name = Release;
		};
		950DA7F918A62BB6003DE03D /* Debug */ = {
			isa = XCBuildConfiguration;
			buildSettings = {
				ASSETCATALOG_COMPILER_APPICON_NAME = icon;
				ASSETCATALOG_COMPILER_LAUNCHIMAGE_NAME = default;
				CODE_SIGN_IDENTITY = "iPhone Developer";
				FRAMEWORK_SEARCH_PATHS = (
					"$(inherited)",
					/Users/miokato/Documents/WoodBeacon/iOS/WoodBeaconGuest,
				);
				GCC_PRECOMPILE_PREFIX_HEADER = YES;
				GCC_PREFIX_HEADER = "WoodBeaconGuest/WoodBeaconGuest-Prefix.pch";
				INFOPLIST_FILE = "WoodBeaconGuest/WoodBeaconGuest-Info.plist";
				IPHONEOS_DEPLOYMENT_TARGET = 7.0;
				PRODUCT_NAME = "$(TARGET_NAME)";
				WRAPPER_EXTENSION = app;
			};
			name = Debug;
		};
		950DA7FA18A62BB6003DE03D /* Release */ = {
			isa = XCBuildConfiguration;
			buildSettings = {
				ASSETCATALOG_COMPILER_APPICON_NAME = icon;
				ASSETCATALOG_COMPILER_LAUNCHIMAGE_NAME = default;
				CODE_SIGN_IDENTITY = "iPhone Developer";
				FRAMEWORK_SEARCH_PATHS = (
					"$(inherited)",
					/Users/miokato/Documents/WoodBeacon/iOS/WoodBeaconGuest,
				);
				GCC_PRECOMPILE_PREFIX_HEADER = YES;
				GCC_PREFIX_HEADER = "WoodBeaconGuest/WoodBeaconGuest-Prefix.pch";
				INFOPLIST_FILE = "WoodBeaconGuest/WoodBeaconGuest-Info.plist";
				IPHONEOS_DEPLOYMENT_TARGET = 7.0;
				PRODUCT_NAME = "$(TARGET_NAME)";
				WRAPPER_EXTENSION = app;
			};
			name = Release;
		};
		950DA7FC18A62BB6003DE03D /* Debug */ = {
			isa = XCBuildConfiguration;
			buildSettings = {
				ARCHS = "$(ARCHS_STANDARD_INCLUDING_64_BIT)";
				BUNDLE_LOADER = "$(BUILT_PRODUCTS_DIR)/WoodBeaconGuest.app/WoodBeaconGuest";
				FRAMEWORK_SEARCH_PATHS = (
					"$(SDKROOT)/Developer/Library/Frameworks",
					"$(inherited)",
					"$(DEVELOPER_FRAMEWORKS_DIR)",
				);
				GCC_PRECOMPILE_PREFIX_HEADER = YES;
				GCC_PREFIX_HEADER = "WoodBeaconGuest/WoodBeaconGuest-Prefix.pch";
				GCC_PREPROCESSOR_DEFINITIONS = (
					"DEBUG=1",
					"$(inherited)",
				);
				INFOPLIST_FILE = "WoodBeaconGuestTests/WoodBeaconGuestTests-Info.plist";
				PRODUCT_NAME = "$(TARGET_NAME)";
				TEST_HOST = "$(BUNDLE_LOADER)";
				WRAPPER_EXTENSION = xctest;
			};
			name = Debug;
		};
		950DA7FD18A62BB6003DE03D /* Release */ = {
			isa = XCBuildConfiguration;
			buildSettings = {
				ARCHS = "$(ARCHS_STANDARD_INCLUDING_64_BIT)";
				BUNDLE_LOADER = "$(BUILT_PRODUCTS_DIR)/WoodBeaconGuest.app/WoodBeaconGuest";
				FRAMEWORK_SEARCH_PATHS = (
					"$(SDKROOT)/Developer/Library/Frameworks",
					"$(inherited)",
					"$(DEVELOPER_FRAMEWORKS_DIR)",
				);
				GCC_PRECOMPILE_PREFIX_HEADER = YES;
				GCC_PREFIX_HEADER = "WoodBeaconGuest/WoodBeaconGuest-Prefix.pch";
				INFOPLIST_FILE = "WoodBeaconGuestTests/WoodBeaconGuestTests-Info.plist";
				PRODUCT_NAME = "$(TARGET_NAME)";
				TEST_HOST = "$(BUNDLE_LOADER)";
				WRAPPER_EXTENSION = xctest;
			};
			name = Release;
		};
/* End XCBuildConfiguration section */

/* Begin XCConfigurationList section */
		950DA7BB18A62BB6003DE03D /* Build configuration list for PBXProject "WoodBeaconGuest" */ = {
			isa = XCConfigurationList;
			buildConfigurations = (
				950DA7F618A62BB6003DE03D /* Debug */,
				950DA7F718A62BB6003DE03D /* Release */,
			);
			defaultConfigurationIsVisible = 0;
			defaultConfigurationName = Release;
		};
		950DA7F818A62BB6003DE03D /* Build configuration list for PBXNativeTarget "WoodBeaconGuest" */ = {
			isa = XCConfigurationList;
			buildConfigurations = (
				950DA7F918A62BB6003DE03D /* Debug */,
				950DA7FA18A62BB6003DE03D /* Release */,
			);
			defaultConfigurationIsVisible = 0;
			defaultConfigurationName = Release;
		};
		950DA7FB18A62BB6003DE03D /* Build configuration list for PBXNativeTarget "WoodBeaconGuestTests" */ = {
			isa = XCConfigurationList;
			buildConfigurations = (
				950DA7FC18A62BB6003DE03D /* Debug */,
				950DA7FD18A62BB6003DE03D /* Release */,
			);
			defaultConfigurationIsVisible = 0;
			defaultConfigurationName = Release;
		};
/* End XCConfigurationList section */
	};
	rootObject = 950DA7B818A62BB6003DE03D /* Project object */;
}
